
Microsoft Visual Studio Solution File, Format Version 12.00
# Visual Studio Version 17
VisualStudioVersion = 17.8.34408.163
MinimumVisualStudioVersion = 10.0.40219.1
Project("{FAE04EC0-301F-11D3-BF4B-00C04F79EFBC}") = "Calculator", "Calculator\Calculator.csproj", "{2AB7B0FF-4B44-4F7C-ADCA-BF96F0C88226}"
EndProject
Global
	GlobalSection(SolutionConfigurationPlatforms) = preSolution
		Debug|Any CPU = Debug|Any CPU
		Release|Any CPU = Release|Any CPU
	EndGlobalSection
	GlobalSection(ProjectConfigurationPlatforms) = postSolution
		{2AB7B0FF-4B44-4F7C-ADCA-BF96F0C88226}.Debug|Any CPU.ActiveCfg = Debug|Any CPU
		{2AB7B0FF-4B44-4F7C-ADCA-BF96F0C88226}.Debug|Any CPU.Build.0 = Debug|Any CPU
		{2AB7B0FF-4B44-4F7C-ADCA-BF96F0C88226}.Release|Any CPU.ActiveCfg = Release|Any CPU
		{2AB7B0FF-4B44-4F7C-ADCA-BF96F0C88226}.Release|Any CPU.Build.0 = Release|Any CPU
	EndGlobalSection
	GlobalSection(SolutionProperties) = preSolution
		HideSolutionNode = FALSE
	EndGlobalSection
	GlobalSection(ExtensibilityGlobals) = postSolution
		SolutionGuid = {55F76D25-DDE5-42CF-829D-7D2F2C3DAD8E}
	EndGlobalSection
EndGlobal
